
Microsoft Visual Studio Solution File, Format Version 12.00
# Visual Studio Version 17
VisualStudioVersion = 17.9.34723.18
MinimumVisualStudioVersion = 10.0.40219.1
Project("{9A19103F-16F7-4668-BE54-9A1E7A4F7556}") = "BobcatConsole", "BobcatConsole.csproj", "{0B987929-4DA4-461D-978C-68CF22FC5A52}"
EndProject
Global
	GlobalSection(SolutionConfigurationPlatforms) = preSolution
		Debug|Any CPU = Debug|Any CPU
		Release|Any CPU = Release|Any CPU
	EndGlobalSection
	GlobalSection(ProjectConfigurationPlatforms) = postSolution
		{0B987929-4DA4-461D-978C-68CF22FC5A52}.Debug|Any CPU.ActiveCfg = Debug|Any CPU
		{0B987929-4DA4-461D-978C-68CF22FC5A52}.Debug|Any CPU.Build.0 = Debug|Any CPU
		{0B987929-4DA4-461D-978C-68CF22FC5A52}.Release|Any CPU.ActiveCfg = Release|Any CPU
		{0B987929-4DA4-461D-978C-68CF22FC5A52}.Release|Any CPU.Build.0 = Release|Any CPU
	EndGlobalSection
	GlobalSection(SolutionProperties) = preSolution
		HideSolutionNode = FALSE
	EndGlobalSection
	GlobalSection(ExtensibilityGlobals) = postSolution
		SolutionGuid = {02CDDEB2-DDE1-46E6-B2E4-9C7A4BD1FCBC}
	EndGlobalSection
EndGlobal
